
Microsoft Visual Studio Solution File, Format Version 12.00
# Visual Studio 14
VisualStudioVersion = 14.0.23107.0
MinimumVisualStudioVersion = 10.0.40219.1
Project("{FAE04EC0-301F-11D3-BF4B-00C04F79EFBC}") = "HCTakeHome", "HCTakeHome\HCTakeHome.csproj", "{BA8D4B08-399E-4C17-87DC-D018CEE51F57}"
EndProject
Project("{FAE04EC0-301F-11D3-BF4B-00C04F79EFBC}") = "HCTakeHome.Tests", "HCTakeHome.Tests\HCTakeHome.Tests.csproj", "{82581A63-C44E-4A87-8371-6F7225FEA4A6}"
EndProject
Global
	GlobalSection(SolutionConfigurationPlatforms) = preSolution
		Debug|Any CPU = Debug|Any CPU
		Release|Any CPU = Release|Any CPU
	EndGlobalSection
	GlobalSection(ProjectConfigurationPlatforms) = postSolution
		{BA8D4B08-399E-4C17-87DC-D018CEE51F57}.Debug|Any CPU.ActiveCfg = Debug|Any CPU
		{BA8D4B08-399E-4C17-87DC-D018CEE51F57}.Debug|Any CPU.Build.0 = Debug|Any CPU
		{BA8D4B08-399E-4C17-87DC-D018CEE51F57}.Release|Any CPU.ActiveCfg = Release|Any CPU
		{BA8D4B08-399E-4C17-87DC-D018CEE51F57}.Release|Any CPU.Build.0 = Release|Any CPU
		{82581A63-C44E-4A87-8371-6F7225FEA4A6}.Debug|Any CPU.ActiveCfg = Debug|Any CPU
		{82581A63-C44E-4A87-8371-6F7225FEA4A6}.Debug|Any CPU.Build.0 = Debug|Any CPU
		{82581A63-C44E-4A87-8371-6F7225FEA4A6}.Release|Any CPU.ActiveCfg = Release|Any CPU
		{82581A63-C44E-4A87-8371-6F7225FEA4A6}.Release|Any CPU.Build.0 = Release|Any CPU
	EndGlobalSection
	GlobalSection(SolutionProperties) = preSolution
		HideSolutionNode = FALSE
	EndGlobalSection
EndGlobal
